// !$*UTF8*$!
{
	archiveVersion = 1;
	classes = {
	};
	objectVersion = 46;
	objects = {

/* Begin PBXBuildFile section */
		3133F7D11C6BBEBE009E3B9E /* AppDelegate.swift in Sources */ = {isa = PBXBuildFile; fileRef = 3133F7D01C6BBEBE009E3B9E /* AppDelegate.swift */; };
		3133F7D31C6BBEBE009E3B9E /* ViewController.swift in Sources */ = {isa = PBXBuildFile; fileRef = 3133F7D21C6BBEBE009E3B9E /* ViewController.swift */; };
		3133F7D61C6BBEBE009E3B9E /* Main.storyboard in Resources */ = {isa = PBXBuildFile; fileRef = 3133F7D41C6BBEBE009E3B9E /* Main.storyboard */; };
		3133F7D91C6BBEBE009E3B9E /* EnumBug.xcdatamodeld in Sources */ = {isa = PBXBuildFile; fileRef = 3133F7D71C6BBEBE009E3B9E /* EnumBug.xcdatamodeld */; };
		3133F7DB1C6BBEBE009E3B9E /* Assets.xcassets in Resources */ = {isa = PBXBuildFile; fileRef = 3133F7DA1C6BBEBE009E3B9E /* Assets.xcassets */; };
		3133F7DE1C6BBEBE009E3B9E /* LaunchScreen.storyboard in Resources */ = {isa = PBXBuildFile; fileRef = 3133F7DC1C6BBEBE009E3B9E /* LaunchScreen.storyboard */; };
		3133F7E91C6BBEBF009E3B9E /* EnumBugTests.swift in Sources */ = {isa = PBXBuildFile; fileRef = 3133F7E81C6BBEBF009E3B9E /* EnumBugTests.swift */; };
		3133F7F41C6BBEBF009E3B9E /* EnumBugUITests.swift in Sources */ = {isa = PBXBuildFile; fileRef = 3133F7F31C6BBEBF009E3B9E /* EnumBugUITests.swift */; };
		3133F8021C6BBED6009E3B9E /* TestClass.swift in Sources */ = {isa = PBXBuildFile; fileRef = 3133F8011C6BBED6009E3B9E /* TestClass.swift */; };
/* End PBXBuildFile section */

/* Begin PBXContainerItemProxy section */
		3133F7E51C6BBEBF009E3B9E /* PBXContainerItemProxy */ = {
			isa = PBXContainerItemProxy;
			containerPortal = 3133F7C51C6BBEBE009E3B9E /* Project object */;
			proxyType = 1;
			remoteGlobalIDString = 3133F7CC1C6BBEBE009E3B9E;
			remoteInfo = EnumBug;
		};
		3133F7F01C6BBEBF009E3B9E /* PBXContainerItemProxy */ = {
			isa = PBXContainerItemProxy;
			containerPortal = 3133F7C51C6BBEBE009E3B9E /* Project object */;
			proxyType = 1;
			remoteGlobalIDString = 3133F7CC1C6BBEBE009E3B9E;
			remoteInfo = EnumBug;
		};
/* End PBXContainerItemProxy section */

/* Begin PBXFileReference section */
		3133F7CD1C6BBEBE009E3B9E /* EnumBug.app */ = {isa = PBXFileReference; explicitFileType = wrapper.application; includeInIndex = 0; path = EnumBug.app; sourceTree = BUILT_PRODUCTS_DIR; };
		3133F7D01C6BBEBE009E3B9E /* AppDelegate.swift */ = {isa = PBXFileReference; lastKnownFileType = sourcecode.swift; path = AppDelegate.swift; sourceTree = "<group>"; };
		3133F7D21C6BBEBE009E3B9E /* ViewController.swift */ = {isa = PBXFileReference; lastKnownFileType = sourcecode.swift; path = ViewController.swift; sourceTree = "<group>"; };
		3133F7D51C6BBEBE009E3B9E /* Base */ = {isa = PBXFileReference; lastKnownFileType = file.storyboard; name = Base; path = Base.lproj/Main.storyboard; sourceTree = "<group>"; };
		3133F7D81C6BBEBE009E3B9E /* EnumBug.xcdatamodel */ = {isa = PBXFileReference; lastKnownFileType = wrapper.xcdatamodel; path = EnumBug.xcdatamodel; sourceTree = "<group>"; };
		3133F7DA1C6BBEBE009E3B9E /* Assets.xcassets */ = {isa = PBXFileReference; lastKnownFileType = folder.assetcatalog; path = Assets.xcassets; sourceTree = "<group>"; };
		3133F7DD1C6BBEBE009E3B9E /* Base */ = {isa = PBXFileReference; lastKnownFileType = file.storyboard; name = Base; path = Base.lproj/LaunchScreen.storyboard; sourceTree = "<group>"; };
		3133F7DF1C6BBEBE009E3B9E /* Info.plist */ = {isa = PBXFileReference; lastKnownFileType = text.plist.xml; path = Info.plist; sourceTree = "<group>"; };
		3133F7E41C6BBEBF009E3B9E /* EnumBugTests.xctest */ = {isa = PBXFileReference; explicitFileType = wrapper.cfbundle; includeInIndex = 0; path = EnumBugTests.xctest; sourceTree = BUILT_PRODUCTS_DIR; };
		3133F7E81C6BBEBF009E3B9E /* EnumBugTests.swift */ = {isa = PBXFileReference; lastKnownFileType = sourcecode.swift; path = EnumBugTests.swift; sourceTree = "<group>"; };
		3133F7EA1C6BBEBF009E3B9E /* Info.plist */ = {isa = PBXFileReference; lastKnownFileType = text.plist.xml; path = Info.plist; sourceTree = "<group>"; };
		3133F7EF1C6BBEBF009E3B9E /* EnumBugUITests.xctest */ = {isa = PBXFileReference; explicitFileType = wrapper.cfbundle; includeInIndex = 0; path = EnumBugUITests.xctest; sourceTree = BUILT_PRODUCTS_DIR; };
		3133F7F31C6BBEBF009E3B9E /* EnumBugUITests.swift */ = {isa = PBXFileReference; lastKnownFileType = sourcecode.swift; path = EnumBugUITests.swift; sourceTree = "<group>"; };
		3133F7F51C6BBEBF009E3B9E /* Info.plist */ = {isa = PBXFileReference; lastKnownFileType = text.plist.xml; path = Info.plist; sourceTree = "<group>"; };
		3133F8011C6BBED6009E3B9E /* TestClass.swift */ = {isa = PBXFileReference; fileEncoding = 4; lastKnownFileType = sourcecode.swift; path = TestClass.swift; sourceTree = "<group>"; };
/* End PBXFileReference section */

/* Begin PBXFrameworksBuildPhase section */
		3133F7CA1C6BBEBE009E3B9E /* Frameworks */ = {
			isa = PBXFrameworksBuildPhase;
			buildActionMask = 2147483647;
			files = (
			);
			runOnlyForDeploymentPostprocessing = 0;
		};
		3133F7E11C6BBEBF009E3B9E /* Frameworks */ = {
			isa = PBXFrameworksBuildPhase;
			buildActionMask = 2147483647;
			files = (
			);
			runOnlyForDeploymentPostprocessing = 0;
		};
		3133F7EC1C6BBEBF009E3B9E /* Frameworks */ = {
			isa = PBXFrameworksBuildPhase;
			buildActionMask = 2147483647;
			files = (
			);
			runOnlyForDeploymentPostprocessing = 0;
		};
/* End PBXFrameworksBuildPhase section */

/* Begin PBXGroup section */
		3133F7C41C6BBEBE009E3B9E = {
			isa = PBXGroup;
			children = (
				3133F7CF1C6BBEBE009E3B9E /* EnumBug */,
				3133F7E71C6BBEBF009E3B9E /* EnumBugTests */,
				3133F7F21C6BBEBF009E3B9E /* EnumBugUITests */,
				3133F7CE1C6BBEBE009E3B9E /* Products */,
			);
			sourceTree = "<group>";
		};
		3133F7CE1C6BBEBE009E3B9E /* Products */ = {
			isa = PBXGroup;
			children = (
				3133F7CD1C6BBEBE009E3B9E /* EnumBug.app */,
				3133F7E41C6BBEBF009E3B9E /* EnumBugTests.xctest */,
				3133F7EF1C6BBEBF009E3B9E /* EnumBugUITests.xctest */,
			);
			name = Products;
			sourceTree = "<group>";
		};
		3133F7CF1C6BBEBE009E3B9E /* EnumBug */ = {
			isa = PBXGroup;
			children = (
				3133F7D01C6BBEBE009E3B9E /* AppDelegate.swift */,
				3133F7D21C6BBEBE009E3B9E /* ViewController.swift */,
				3133F8011C6BBED6009E3B9E /* TestClass.swift */,
				3133F7D41C6BBEBE009E3B9E /* Main.storyboard */,
				3133F7DA1C6BBEBE009E3B9E /* Assets.xcassets */,
				3133F7DC1C6BBEBE009E3B9E /* LaunchScreen.storyboard */,
				3133F7DF1C6BBEBE009E3B9E /* Info.plist */,
				3133F7D71C6BBEBE009E3B9E /* EnumBug.xcdatamodeld */,
			);
			path = EnumBug;
			sourceTree = "<group>";
		};
		3133F7E71C6BBEBF009E3B9E /* EnumBugTests */ = {
			isa = PBXGroup;
			children = (
				3133F7E81C6BBEBF009E3B9E /* EnumBugTests.swift */,
				3133F7EA1C6BBEBF009E3B9E /* Info.plist */,
			);
			path = EnumBugTests;
			sourceTree = "<group>";
		};
		3133F7F21C6BBEBF009E3B9E /* EnumBugUITests */ = {
			isa = PBXGroup;
			children = (
				3133F7F31C6BBEBF009E3B9E /* EnumBugUITests.swift */,
				3133F7F51C6BBEBF009E3B9E /* Info.plist */,
			);
			path = EnumBugUITests;
			sourceTree = "<group>";
		};
/* End PBXGroup section */

/* Begin PBXNativeTarget section */
		3133F7CC1C6BBEBE009E3B9E /* EnumBug */ = {
			isa = PBXNativeTarget;
			buildConfigurationList = 3133F7F81C6BBEBF009E3B9E /* Build configuration list for PBXNativeTarget "EnumBug" */;
			buildPhases = (
				3133F7C91C6BBEBE009E3B9E /* Sources */,
				3133F7CA1C6BBEBE009E3B9E /* Frameworks */,
				3133F7CB1C6BBEBE009E3B9E /* Resources */,
			);
			buildRules = (
			);
			dependencies = (
			);
			name = EnumBug;
			productName = EnumBug;
			productReference = 3133F7CD1C6BBEBE009E3B9E /* EnumBug.app */;
			productType = "com.apple.product-type.application";
		};
		3133F7E31C6BBEBF009E3B9E /* EnumBugTests */ = {
			isa = PBXNativeTarget;
			buildConfigurationList = 3133F7FB1C6BBEBF009E3B9E /* Build configuration list for PBXNativeTarget "EnumBugTests" */;
			buildPhases = (
				3133F7E01C6BBEBF009E3B9E /* Sources */,
				3133F7E11C6BBEBF009E3B9E /* Frameworks */,
				3133F7E21C6BBEBF009E3B9E /* Resources */,
			);
			buildRules = (
			);
			dependencies = (
				3133F7E61C6BBEBF009E3B9E /* PBXTargetDependency */,
			);
			name = EnumBugTests;
			productName = EnumBugTests;
			productReference = 3133F7E41C6BBEBF009E3B9E /* EnumBugTests.xctest */;
			productType = "com.apple.product-type.bundle.unit-test";
		};
		3133F7EE1C6BBEBF009E3B9E /* EnumBugUITests */ = {
			isa = PBXNativeTarget;
			buildConfigurationList = 3133F7FE1C6BBEBF009E3B9E /* Build configuration list for PBXNativeTarget "EnumBugUITests" */;
			buildPhases = (
				3133F7EB1C6BBEBF009E3B9E /* Sources */,
				3133F7EC1C6BBEBF009E3B9E /* Frameworks */,
				3133F7ED1C6BBEBF009E3B9E /* Resources */,
			);
			buildRules = (
			);
			dependencies = (
				3133F7F11C6BBEBF009E3B9E /* PBXTargetDependency */,
			);
			name = EnumBugUITests;
			productName = EnumBugUITests;
			productReference = 3133F7EF1C6BBEBF009E3B9E /* EnumBugUITests.xctest */;
			productType = "com.apple.product-type.bundle.ui-testing";
		};
/* End PBXNativeTarget section */

/* Begin PBXProject section */
		3133F7C51C6BBEBE009E3B9E /* Project object */ = {
			isa = PBXProject;
			attributes = {
				LastSwiftUpdateCheck = 0720;
				LastUpgradeCheck = 0720;
				ORGANIZATIONNAME = "Nate Birkholz";
				TargetAttributes = {
					3133F7CC1C6BBEBE009E3B9E = {
						CreatedOnToolsVersion = 7.2.1;
					};
					3133F7E31C6BBEBF009E3B9E = {
						CreatedOnToolsVersion = 7.2.1;
						TestTargetID = 3133F7CC1C6BBEBE009E3B9E;
					};
					3133F7EE1C6BBEBF009E3B9E = {
						CreatedOnToolsVersion = 7.2.1;
						TestTargetID = 3133F7CC1C6BBEBE009E3B9E;
					};
				};
			};
			buildConfigurationList = 3133F7C81C6BBEBE009E3B9E /* Build configuration list for PBXProject "EnumBug" */;
			compatibilityVersion = "Xcode 3.2";
			developmentRegion = English;
			hasScannedForEncodings = 0;
			knownRegions = (
				en,
				Base,
			);
			mainGroup = 3133F7C41C6BBEBE009E3B9E;
			productRefGroup = 3133F7CE1C6BBEBE009E3B9E /* Products */;
			projectDirPath = "";
			projectRoot = "";
			targets = (
				3133F7CC1C6BBEBE009E3B9E /* EnumBug */,
				3133F7E31C6BBEBF009E3B9E /* EnumBugTests */,
				3133F7EE1C6BBEBF009E3B9E /* EnumBugUITests */,
			);
		};
/* End PBXProject section */

/* Begin PBXResourcesBuildPhase section */
		3133F7CB1C6BBEBE009E3B9E /* Resources */ = {
			isa = PBXResourcesBuildPhase;
			buildActionMask = 2147483647;
			files = (
				3133F7DE1C6BBEBE009E3B9E /* LaunchScreen.storyboard in Resources */,
				3133F7DB1C6BBEBE009E3B9E /* Assets.xcassets in Resources */,
				3133F7D61C6BBEBE009E3B9E /* Main.storyboard in Resources */,
			);
			runOnlyForDeploymentPostprocessing = 0;
		};
		3133F7E21C6BBEBF009E3B9E /* Resources */ = {
			isa = PBXResourcesBuildPhase;
			buildActionMask = 2147483647;
			files = (
			);
			runOnlyForDeploymentPostprocessing = 0;
		};
		3133F7ED1C6BBEBF009E3B9E /* Resources */ = {
			isa = PBXResourcesBuildPhase;
			buildActionMask = 2147483647;
			files = (
			);
			runOnlyForDeploymentPostprocessing = 0;
		};
/* End PBXResourcesBuildPhase section */

/* Begin PBXSourcesBuildPhase section */
		3133F7C91C6BBEBE009E3B9E /* Sources */ = {
			isa = PBXSourcesBuildPhase;
			buildActionMask = 2147483647;
			files = (
				3133F8021C6BBED6009E3B9E /* TestClass.swift in Sources */,
				3133F7D91C6BBEBE009E3B9E /* EnumBug.xcdatamodeld in Sources */,
				3133F7D31C6BBEBE009E3B9E /* ViewController.swift in Sources */,
				3133F7D11C6BBEBE009E3B9E /* AppDelegate.swift in Sources */,
			);
			runOnlyForDeploymentPostprocessing = 0;
		};
		3133F7E01C6BBEBF009E3B9E /* Sources */ = {
			isa = PBXSourcesBuildPhase;
			buildActionMask = 2147483647;
			files = (
				3133F7E91C6BBEBF009E3B9E /* EnumBugTests.swift in Sources */,
			);
			runOnlyForDeploymentPostprocessing = 0;
		};
		3133F7EB1C6BBEBF009E3B9E /* Sources */ = {
			isa = PBXSourcesBuildPhase;
			buildActionMask = 2147483647;
			files = (
				3133F7F41C6BBEBF009E3B9E /* EnumBugUITests.swift in Sources */,
			);
			runOnlyForDeploymentPostprocessing = 0;
		};
/* End PBXSourcesBuildPhase section */

/* Begin PBXTargetDependency section */
		3133F7E61C6BBEBF009E3B9E /* PBXTargetDependency */ = {
			isa = PBXTargetDependency;
			target = 3133F7CC1C6BBEBE009E3B9E /* EnumBug */;
			targetProxy = 3133F7E51C6BBEBF009E3B9E /* PBXContainerItemProxy */;
		};
		3133F7F11C6BBEBF009E3B9E /* PBXTargetDependency */ = {
			isa = PBXTargetDependency;
			target = 3133F7CC1C6BBEBE009E3B9E /* EnumBug */;
			targetProxy = 3133F7F01C6BBEBF009E3B9E /* PBXContainerItemProxy */;
		};
/* End PBXTargetDependency section */

/* Begin PBXVariantGroup section */
		3133F7D41C6BBEBE009E3B9E /* Main.storyboard */ = {
			isa = PBXVariantGroup;
			children = (
				3133F7D51C6BBEBE009E3B9E /* Base */,
			);
			name = Main.storyboard;
			sourceTree = "<group>";
		};
		3133F7DC1C6BBEBE009E3B9E /* LaunchScreen.storyboard */ = {
			isa = PBXVariantGroup;
			children = (
				3133F7DD1C6BBEBE009E3B9E /* Base */,
			);
			name = LaunchScreen.storyboard;
			sourceTree = "<group>";
		};
/* End PBXVariantGroup section */

/* Begin XCBuildConfiguration section */
		3133F7F61C6BBEBF009E3B9E /* Debug */ = {
			isa = XCBuildConfiguration;
			buildSettings = {
				ALWAYS_SEARCH_USER_PATHS = NO;
				CLANG_CXX_LANGUAGE_STANDARD = "gnu++0x";
				CLANG_CXX_LIBRARY = "libc++";
				CLANG_ENABLE_MODULES = YES;
				CLANG_ENABLE_OBJC_ARC = YES;
				CLANG_WARN_BOOL_CONVERSION = YES;
				CLANG_WARN_CONSTANT_CONVERSION = YES;
				CLANG_WARN_DIRECT_OBJC_ISA_USAGE = YES_ERROR;
				CLANG_WARN_EMPTY_BODY = YES;
				CLANG_WARN_ENUM_CONVERSION = YES;
				CLANG_WARN_INT_CONVERSION = YES;
				CLANG_WARN_OBJC_ROOT_CLASS = YES_ERROR;
				CLANG_WARN_UNREACHABLE_CODE = YES;
				CLANG_WARN__DUPLICATE_METHOD_MATCH = YES;
				"CODE_SIGN_IDENTITY[sdk=iphoneos*]" = "iPhone Developer";
				COPY_PHASE_STRIP = NO;
				DEBUG_INFORMATION_FORMAT = dwarf;
				ENABLE_STRICT_OBJC_MSGSEND = YES;
				ENABLE_TESTABILITY = YES;
				GCC_C_LANGUAGE_STANDARD = gnu99;
				GCC_DYNAMIC_NO_PIC = NO;
				GCC_NO_COMMON_BLOCKS = YES;
				GCC_OPTIMIZATION_LEVEL = 0;
				GCC_PREPROCESSOR_DEFINITIONS = (
					"DEBUG=1",
					"$(inherited)",
				);
				GCC_WARN_64_TO_32_BIT_CONVERSION = YES;
				GCC_WARN_ABOUT_RETURN_TYPE = YES_ERROR;
				GCC_WARN_UNDECLARED_SELECTOR = YES;
				GCC_WARN_UNINITIALIZED_AUTOS = YES_AGGRESSIVE;
				GCC_WARN_UNUSED_FUNCTION = YES;
				GCC_WARN_UNUSED_VARIABLE = YES;
				IPHONEOS_DEPLOYMENT_TARGET = 9.2;
				MTL_ENABLE_DEBUG_INFO = YES;
				ONLY_ACTIVE_ARCH = YES;
				SDKROOT = iphoneos;
				SWIFT_OPTIMIZATION_LEVEL = "-Onone";
				TARGETED_DEVICE_FAMILY = "1,2";
			};
			name = Debug;
		};
		3133F7F71C6BBEBF009E3B9E /* Release */ = {
			isa = XCBuildConfiguration;
			buildSettings = {
				ALWAYS_SEARCH_USER_PATHS = NO;
				CLANG_CXX_LANGUAGE_STANDARD = "gnu++0x";
				CLANG_CXX_LIBRARY = "libc++";
				CLANG_ENABLE_MODULES = YES;
				CLANG_ENABLE_OBJC_ARC = YES;
				CLANG_WARN_BOOL_CONVERSION = YES;
				CLANG_WARN_CONSTANT_CONVERSION = YES;
				CLANG_WARN_DIRECT_OBJC_ISA_USAGE = YES_ERROR;
				CLANG_WARN_EMPTY_BODY = YES;
				CLANG_WARN_ENUM_CONVERSION = YES;
				CLANG_WARN_INT_CONVERSION = YES;
				CLANG_WARN_OBJC_ROOT_CLASS = YES_ERROR;
				CLANG_WARN_UNREACHABLE_CODE = YES;
				CLANG_WARN__DUPLICATE_METHOD_MATCH = YES;
				"CODE_SIGN_IDENTITY[sdk=iphoneos*]" = "iPhone Developer";
				COPY_PHASE_STRIP = NO;
				DEBUG_INFORMATION_FORMAT = "dwarf-with-dsym";
				ENABLE_NS_ASSERTIONS = NO;
				ENABLE_STRICT_OBJC_MSGSEND = YES;
				GCC_C_LANGUAGE_STANDARD = gnu99;
				GCC_NO_COMMON_BLOCKS = YES;
				GCC_WARN_64_TO_32_BIT_CONVERSION = YES;
				GCC_WARN_ABOUT_RETURN_TYPE = YES_ERROR;
				GCC_WARN_UNDECLARED_SELECTOR = YES;
				GCC_WARN_UNINITIALIZED_AUTOS = YES_AGGRESSIVE;
				GCC_WARN_UNUSED_FUNCTION = YES;
				GCC_WARN_UNUSED_VARIABLE = YES;
				IPHONEOS_DEPLOYMENT_TARGET = 9.2;
				MTL_ENABLE_DEBUG_INFO = NO;
				SDKROOT = iphoneos;
				TARGETED_DEVICE_FAMILY = "1,2";
				VALIDATE_PRODUCT = YES;
			};
			name = Release;
		};
		3133F7F91C6BBEBF009E3B9E /* Debug */ = {
			isa = XCBuildConfiguration;
			buildSettings = {
				ASSETCATALOG_COMPILER_APPICON_NAME = AppIcon;
				INFOPLIST_FILE = EnumBug/Info.plist;
				LD_RUNPATH_SEARCH_PATHS = "$(inherited) @executable_path/Frameworks";
				PRODUCT_BUNDLE_IDENTIFIER = nbnbnbnbn.EnumBug;
				PRODUCT_NAME = "$(TARGET_NAME)";
			};
			name = Debug;
		};
		3133F7FA1C6BBEBF009E3B9E /* Release */ = {
			isa = XCBuildConfiguration;
			buildSettings = {
				ASSETCATALOG_COMPILER_APPICON_NAME = AppIcon;
				INFOPLIST_FILE = EnumBug/Info.plist;
				LD_RUNPATH_SEARCH_PATHS = "$(inherited) @executable_path/Frameworks";
				PRODUCT_BUNDLE_IDENTIFIER = nbnbnbnbn.EnumBug;
				PRODUCT_NAME = "$(TARGET_NAME)";
			};
			name = Release;
		};
		3133F7FC1C6BBEBF009E3B9E /* Debug */ = {
			isa = XCBuildConfiguration;
			buildSettings = {
				BUNDLE_LOADER = "$(TEST_HOST)";
				INFOPLIST_FILE = EnumBugTests/Info.plist;
				LD_RUNPATH_SEARCH_PATHS = "$(inherited) @executable_path/Frameworks @loader_path/Frameworks";
				PRODUCT_BUNDLE_IDENTIFIER = nbnbnbnbn.EnumBugTests;
				PRODUCT_NAME = "$(TARGET_NAME)";
				TEST_HOST = "$(BUILT_PRODUCTS_DIR)/EnumBug.app/EnumBug";
			};
			name = Debug;
		};
		3133F7FD1C6BBEBF009E3B9E /* Release */ = {
			isa = XCBuildConfiguration;
			buildSettings = {
				BUNDLE_LOADER = "$(TEST_HOST)";
				INFOPLIST_FILE = EnumBugTests/Info.plist;
				LD_RUNPATH_SEARCH_PATHS = "$(inherited) @executable_path/Frameworks @loader_path/Frameworks";
				PRODUCT_BUNDLE_IDENTIFIER = nbnbnbnbn.EnumBugTests;
				PRODUCT_NAME = "$(TARGET_NAME)";
				TEST_HOST = "$(BUILT_PRODUCTS_DIR)/EnumBug.app/EnumBug";
			};
			name = Release;
		};
		3133F7FF1C6BBEBF009E3B9E /* Debug */ = {
			isa = XCBuildConfiguration;
			buildSettings = {
				INFOPLIST_FILE = EnumBugUITests/Info.plist;
				LD_RUNPATH_SEARCH_PATHS = "$(inherited) @executable_path/Frameworks @loader_path/Frameworks";
				PRODUCT_BUNDLE_IDENTIFIER = nbnbnbnbn.EnumBugUITests;
				PRODUCT_NAME = "$(TARGET_NAME)";
				TEST_TARGET_NAME = EnumBug;
				USES_XCTRUNNER = YES;
			};
			name = Debug;
		};
		3133F8001C6BBEBF009E3B9E /* Release */ = {
			isa = XCBuildConfiguration;
			buildSettings = {
				INFOPLIST_FILE = EnumBugUITests/Info.plist;
				LD_RUNPATH_SEARCH_PATHS = "$(inherited) @executable_path/Frameworks @loader_path/Frameworks";
				PRODUCT_BUNDLE_IDENTIFIER = nbnbnbnbn.EnumBugUITests;
				PRODUCT_NAME = "$(TARGET_NAME)";
				TEST_TARGET_NAME = EnumBug;
				USES_XCTRUNNER = YES;
			};
			name = Release;
		};
/* End XCBuildConfiguration section */

/* Begin XCConfigurationList section */
		3133F7C81C6BBEBE009E3B9E /* Build configuration list for PBXProject "EnumBug" */ = {
			isa = XCConfigurationList;
			buildConfigurations = (
				3133F7F61C6BBEBF009E3B9E /* Debug */,
				3133F7F71C6BBEBF009E3B9E /* Release */,
			);
			defaultConfigurationIsVisible = 0;
			defaultConfigurationName = Release;
		};
		3133F7F81C6BBEBF009E3B9E /* Build configuration list for PBXNativeTarget "EnumBug" */ = {
			isa = XCConfigurationList;
			buildConfigurations = (
				3133F7F91C6BBEBF009E3B9E /* Debug */,
				3133F7FA1C6BBEBF009E3B9E /* Release */,
			);
			defaultConfigurationIsVisible = 0;
		};
		3133F7FB1C6BBEBF009E3B9E /* Build configuration list for PBXNativeTarget "EnumBugTests" */ = {
			isa = XCConfigurationList;
			buildConfigurations = (
				3133F7FC1C6BBEBF009E3B9E /* Debug */,
				3133F7FD1C6BBEBF009E3B9E /* Release */,
			);
			defaultConfigurationIsVisible = 0;
		};
		3133F7FE1C6BBEBF009E3B9E /* Build configuration list for PBXNativeTarget "EnumBugUITests" */ = {
			isa = XCConfigurationList;
			buildConfigurations = (
				3133F7FF1C6BBEBF009E3B9E /* Debug */,
				3133F8001C6BBEBF009E3B9E /* Release */,
			);
			defaultConfigurationIsVisible = 0;
		};
/* End XCConfigurationList section */

/* Begin XCVersionGroup section */
		3133F7D71C6BBEBE009E3B9E /* EnumBug.xcdatamodeld */ = {
			isa = XCVersionGroup;
			children = (
				3133F7D81C6BBEBE009E3B9E /* EnumBug.xcdatamodel */,
			);
			currentVersion = 3133F7D81C6BBEBE009E3B9E /* EnumBug.xcdatamodel */;
			path = EnumBug.xcdatamodeld;
			sourceTree = "<group>";
			versionGroupType = wrapper.xcdatamodel;
		};
/* End XCVersionGroup section */
	};
	rootObject = 3133F7C51C6BBEBE009E3B9E /* Project object */;
}
